
Microsoft Visual Studio Solution File, Format Version 12.00
Project("{FAE04EC0-301F-11D3-BF4B-00C04F79EFBC}") = "Students", "Students\Students.csproj", "{807FB6C2-D428-40AF-ADA1-D557D6A2D5B1}"
EndProject
Project("{FAE04EC0-301F-11D3-BF4B-00C04F79EFBC}") = "Repository", "Repository\Repository.csproj", "{CF8B9539-7ECE-4696-A5A6-2CAAC3FE57F8}"
EndProject
Project("{FAE04EC0-301F-11D3-BF4B-00C04F79EFBC}") = "Entities", "Entities\Entities.csproj", "{17AE8793-AD5B-4735-B4CE-139385E79F06}"
EndProject
Project("{FAE04EC0-301F-11D3-BF4B-00C04F79EFBC}") = "Contracts", "Contracts\Contracts.csproj", "{CB37A02F-C81E-40D6-8FBC-629B04AAE7C7}"
EndProject
Project("{FAE04EC0-301F-11D3-BF4B-00C04F79EFBC}") = "Service.Contracts", "Service.Contracts\Service.Contracts.csproj", "{D0E6C0D0-7095-4C0A-824D-E28F0DD4ECE5}"
EndProject
Project("{FAE04EC0-301F-11D3-BF4B-00C04F79EFBC}") = "Service", "Service\Service.csproj", "{B21C0AC8-9AD1-4DAB-965F-25274CC0E5CC}"
EndProject
Project("{FAE04EC0-301F-11D3-BF4B-00C04F79EFBC}") = "Student.Presentation", "Student.Presentation\Student.Presentation.csproj", "{F9DBC937-D231-45AD-A177-E263E92203F6}"
EndProject
Project("{FAE04EC0-301F-11D3-BF4B-00C04F79EFBC}") = "LoggerService", "LoggerService\LoggerService.csproj", "{1AAA32D0-7830-44C2-BE8B-9472DC79BE14}"
EndProject
Project("{FAE04EC0-301F-11D3-BF4B-00C04F79EFBC}") = "Shared", "Shared\Shared.csproj", "{E248B6E9-FBEB-4CFD-9A67-0A12C4087BE7}"
EndProject
Global
	GlobalSection(SolutionConfigurationPlatforms) = preSolution
		Debug|Any CPU = Debug|Any CPU
		Release|Any CPU = Release|Any CPU
	EndGlobalSection
	GlobalSection(ProjectConfigurationPlatforms) = postSolution
		{807FB6C2-D428-40AF-ADA1-D557D6A2D5B1}.Debug|Any CPU.ActiveCfg = Debug|Any CPU
		{807FB6C2-D428-40AF-ADA1-D557D6A2D5B1}.Debug|Any CPU.Build.0 = Debug|Any CPU
		{807FB6C2-D428-40AF-ADA1-D557D6A2D5B1}.Release|Any CPU.ActiveCfg = Release|Any CPU
		{807FB6C2-D428-40AF-ADA1-D557D6A2D5B1}.Release|Any CPU.Build.0 = Release|Any CPU
		{CF8B9539-7ECE-4696-A5A6-2CAAC3FE57F8}.Debug|Any CPU.ActiveCfg = Debug|Any CPU
		{CF8B9539-7ECE-4696-A5A6-2CAAC3FE57F8}.Debug|Any CPU.Build.0 = Debug|Any CPU
		{CF8B9539-7ECE-4696-A5A6-2CAAC3FE57F8}.Release|Any CPU.ActiveCfg = Release|Any CPU
		{CF8B9539-7ECE-4696-A5A6-2CAAC3FE57F8}.Release|Any CPU.Build.0 = Release|Any CPU
		{17AE8793-AD5B-4735-B4CE-139385E79F06}.Debug|Any CPU.ActiveCfg = Debug|Any CPU
		{17AE8793-AD5B-4735-B4CE-139385E79F06}.Debug|Any CPU.Build.0 = Debug|Any CPU
		{17AE8793-AD5B-4735-B4CE-139385E79F06}.Release|Any CPU.ActiveCfg = Release|Any CPU
		{17AE8793-AD5B-4735-B4CE-139385E79F06}.Release|Any CPU.Build.0 = Release|Any CPU
		{CB37A02F-C81E-40D6-8FBC-629B04AAE7C7}.Debug|Any CPU.ActiveCfg = Debug|Any CPU
		{CB37A02F-C81E-40D6-8FBC-629B04AAE7C7}.Debug|Any CPU.Build.0 = Debug|Any CPU
		{CB37A02F-C81E-40D6-8FBC-629B04AAE7C7}.Release|Any CPU.ActiveCfg = Release|Any CPU
		{CB37A02F-C81E-40D6-8FBC-629B04AAE7C7}.Release|Any CPU.Build.0 = Release|Any CPU
		{D0E6C0D0-7095-4C0A-824D-E28F0DD4ECE5}.Debug|Any CPU.ActiveCfg = Debug|Any CPU
		{D0E6C0D0-7095-4C0A-824D-E28F0DD4ECE5}.Debug|Any CPU.Build.0 = Debug|Any CPU
		{D0E6C0D0-7095-4C0A-824D-E28F0DD4ECE5}.Release|Any CPU.ActiveCfg = Release|Any CPU
		{D0E6C0D0-7095-4C0A-824D-E28F0DD4ECE5}.Release|Any CPU.Build.0 = Release|Any CPU
		{B21C0AC8-9AD1-4DAB-965F-25274CC0E5CC}.Debug|Any CPU.ActiveCfg = Debug|Any CPU
		{B21C0AC8-9AD1-4DAB-965F-25274CC0E5CC}.Debug|Any CPU.Build.0 = Debug|Any CPU
		{B21C0AC8-9AD1-4DAB-965F-25274CC0E5CC}.Release|Any CPU.ActiveCfg = Release|Any CPU
		{B21C0AC8-9AD1-4DAB-965F-25274CC0E5CC}.Release|Any CPU.Build.0 = Release|Any CPU
		{F9DBC937-D231-45AD-A177-E263E92203F6}.Debug|Any CPU.ActiveCfg = Debug|Any CPU
		{F9DBC937-D231-45AD-A177-E263E92203F6}.Debug|Any CPU.Build.0 = Debug|Any CPU
		{F9DBC937-D231-45AD-A177-E263E92203F6}.Release|Any CPU.ActiveCfg = Release|Any CPU
		{F9DBC937-D231-45AD-A177-E263E92203F6}.Release|Any CPU.Build.0 = Release|Any CPU
		{1AAA32D0-7830-44C2-BE8B-9472DC79BE14}.Debug|Any CPU.ActiveCfg = Debug|Any CPU
		{1AAA32D0-7830-44C2-BE8B-9472DC79BE14}.Debug|Any CPU.Build.0 = Debug|Any CPU
		{1AAA32D0-7830-44C2-BE8B-9472DC79BE14}.Release|Any CPU.ActiveCfg = Release|Any CPU
		{1AAA32D0-7830-44C2-BE8B-9472DC79BE14}.Release|Any CPU.Build.0 = Release|Any CPU
		{E248B6E9-FBEB-4CFD-9A67-0A12C4087BE7}.Debug|Any CPU.ActiveCfg = Debug|Any CPU
		{E248B6E9-FBEB-4CFD-9A67-0A12C4087BE7}.Debug|Any CPU.Build.0 = Debug|Any CPU
		{E248B6E9-FBEB-4CFD-9A67-0A12C4087BE7}.Release|Any CPU.ActiveCfg = Release|Any CPU
		{E248B6E9-FBEB-4CFD-9A67-0A12C4087BE7}.Release|Any CPU.Build.0 = Release|Any CPU
	EndGlobalSection
EndGlobal
